
Microsoft Visual Studio Solution File, Format Version 12.00
# Visual Studio Version 16
VisualStudioVersion = 16.0.30413.136
MinimumVisualStudioVersion = 10.0.40219.1
Project("{FAE04EC0-301F-11D3-BF4B-00C04F79EFBC}") = "RestaurantAPI", "RestaurantAPI\RestaurantAPI.csproj", "{11A2388D-E079-43B4-BF27-A591EA0B351D}"
EndProject
Global
	GlobalSection(SolutionConfigurationPlatforms) = preSolution
		Debug|Any CPU = Debug|Any CPU
		Release|Any CPU = Release|Any CPU
	EndGlobalSection
	GlobalSection(ProjectConfigurationPlatforms) = postSolution
		{11A2388D-E079-43B4-BF27-A591EA0B351D}.Debug|Any CPU.ActiveCfg = Debug|Any CPU
		{11A2388D-E079-43B4-BF27-A591EA0B351D}.Debug|Any CPU.Build.0 = Debug|Any CPU
		{11A2388D-E079-43B4-BF27-A591EA0B351D}.Release|Any CPU.ActiveCfg = Release|Any CPU
		{11A2388D-E079-43B4-BF27-A591EA0B351D}.Release|Any CPU.Build.0 = Release|Any CPU
	EndGlobalSection
	GlobalSection(SolutionProperties) = preSolution
		HideSolutionNode = FALSE
	EndGlobalSection
	GlobalSection(ExtensibilityGlobals) = postSolution
		SolutionGuid = {B8034A38-867B-48A4-9835-58A425C7076E}
	EndGlobalSection
EndGlobal
